// !$*UTF8*$!
{
	archiveVersion = 1;
	classes = {
	};
	objectVersion = 56;
	objects = {

/* Begin PBXBuildFile section */
		3634D61F2A44299400C31903 /* Product_Detail.swift in Sources */ = {isa = PBXBuildFile; fileRef = 3634D61E2A44299400C31903 /* Product_Detail.swift */; };
		3634D6212A442D9400C31903 /* Product_Add.swift in Sources */ = {isa = PBXBuildFile; fileRef = 3634D6202A442D9400C31903 /* Product_Add.swift */; };
		3634D6232A45880100C31903 /* Product_Edit.swift in Sources */ = {isa = PBXBuildFile; fileRef = 3634D6222A45880100C31903 /* Product_Edit.swift */; };
		3634D6252A45987300C31903 /* Material_Edit.swift in Sources */ = {isa = PBXBuildFile; fileRef = 3634D6242A45987300C31903 /* Material_Edit.swift */; };
		3634D6272A45AC3000C31903 /* Material_Detail.swift in Sources */ = {isa = PBXBuildFile; fileRef = 3634D6262A45AC3000C31903 /* Material_Detail.swift */; };
		3634D6292A45ACB900C31903 /* Material_Add.swift in Sources */ = {isa = PBXBuildFile; fileRef = 3634D6282A45ACB900C31903 /* Material_Add.swift */; };
		3634D62F2A569E0D00C31903 /* History.swift in Sources */ = {isa = PBXBuildFile; fileRef = 3634D62E2A569E0D00C31903 /* History.swift */; };
		3634D6312A56CD1C00C31903 /* Material_Stock.swift in Sources */ = {isa = PBXBuildFile; fileRef = 3634D6302A56CD1C00C31903 /* Material_Stock.swift */; };
		3634D6332A56D47F00C31903 /* Product_Stock.swift in Sources */ = {isa = PBXBuildFile; fileRef = 3634D6322A56D47F00C31903 /* Product_Stock.swift */; };
		3634D6352A56DC0A00C31903 /* History_FilterDate.swift in Sources */ = {isa = PBXBuildFile; fileRef = 3634D6342A56DC0A00C31903 /* History_FilterDate.swift */; };
		36CB89392A385137000BDA6D /* RestockApp.swift in Sources */ = {isa = PBXBuildFile; fileRef = 36CB89382A385137000BDA6D /* RestockApp.swift */; };
		36CB893B2A385137000BDA6D /* ContentView.swift in Sources */ = {isa = PBXBuildFile; fileRef = 36CB893A2A385137000BDA6D /* ContentView.swift */; };
		36CB893D2A385138000BDA6D /* Assets.xcassets in Resources */ = {isa = PBXBuildFile; fileRef = 36CB893C2A385138000BDA6D /* Assets.xcassets */; };
		36CB89402A385138000BDA6D /* Preview Assets.xcassets in Resources */ = {isa = PBXBuildFile; fileRef = 36CB893F2A385138000BDA6D /* Preview Assets.xcassets */; };
		36CB89482A385256000BDA6D /* Summary.swift in Sources */ = {isa = PBXBuildFile; fileRef = 36CB89472A385256000BDA6D /* Summary.swift */; };
		36CB894A2A385266000BDA6D /* Production.swift in Sources */ = {isa = PBXBuildFile; fileRef = 36CB89492A385266000BDA6D /* Production.swift */; };
		36CB894C2A385272000BDA6D /* Product.swift in Sources */ = {isa = PBXBuildFile; fileRef = 36CB894B2A385272000BDA6D /* Product.swift */; };
		36CB894E2A38527C000BDA6D /* Material.swift in Sources */ = {isa = PBXBuildFile; fileRef = 36CB894D2A38527C000BDA6D /* Material.swift */; };
		36CB89512A386934000BDA6D /* Main_Card_View.swift in Sources */ = {isa = PBXBuildFile; fileRef = 36CB89502A386934000BDA6D /* Main_Card_View.swift */; };
		36CB89562A39A158000BDA6D /* Indicator_Modal_View.swift in Sources */ = {isa = PBXBuildFile; fileRef = 36CB89552A39A158000BDA6D /* Indicator_Modal_View.swift */; };
		36CB89582A39BD52000BDA6D /* Material_Reminder.swift in Sources */ = {isa = PBXBuildFile; fileRef = 36CB89572A39BD52000BDA6D /* Material_Reminder.swift */; };
		36CB895A2A3AEB4E000BDA6D /* Product_Reminder.swift in Sources */ = {isa = PBXBuildFile; fileRef = 36CB89592A3AEB4E000BDA6D /* Product_Reminder.swift */; };
		36CB895C2A3B04D5000BDA6D /* Production_Card_View.swift in Sources */ = {isa = PBXBuildFile; fileRef = 36CB895B2A3B04D5000BDA6D /* Production_Card_View.swift */; };
		36CB895E2A3B1EBD000BDA6D /* Production_Stock.swift in Sources */ = {isa = PBXBuildFile; fileRef = 36CB895D2A3B1EBD000BDA6D /* Production_Stock.swift */; };
		36CB89602A403BE1000BDA6D /* Production_Detail.swift in Sources */ = {isa = PBXBuildFile; fileRef = 36CB895F2A403BE1000BDA6D /* Production_Detail.swift */; };
		58E245562A47376800DC9B6E /* Summary_No_Reminder.swift in Sources */ = {isa = PBXBuildFile; fileRef = 58E245552A47376800DC9B6E /* Summary_No_Reminder.swift */; };
		58E245582A474F0100DC9B6E /* Summary_Safe_Reminder.swift in Sources */ = {isa = PBXBuildFile; fileRef = 58E245572A474F0100DC9B6E /* Summary_Safe_Reminder.swift */; };
		58E2455A2A47534000DC9B6E /* Production_No_Data.swift in Sources */ = {isa = PBXBuildFile; fileRef = 58E245592A47534000DC9B6E /* Production_No_Data.swift */; };
		58E2455C2A4758F400DC9B6E /* Product_No_Data.swift in Sources */ = {isa = PBXBuildFile; fileRef = 58E2455B2A4758F400DC9B6E /* Product_No_Data.swift */; };
		58E2455E2A475D5C00DC9B6E /* Material_No_Data.swift in Sources */ = {isa = PBXBuildFile; fileRef = 58E2455D2A475D5C00DC9B6E /* Material_No_Data.swift */; };
		58E245612A4762C300DC9B6E /* Item.swift in Sources */ = {isa = PBXBuildFile; fileRef = 58E245602A4762C300DC9B6E /* Item.swift */; };
		58E245652A49766900DC9B6E /* Launch_Screen.swift in Sources */ = {isa = PBXBuildFile; fileRef = 58E245642A49766900DC9B6E /* Launch_Screen.swift */; };
		C233D0472A4968D5003B8ED3 /* mainData.xcdatamodeld in Sources */ = {isa = PBXBuildFile; fileRef = C233D0452A4968D5003B8ED3 /* mainData.xcdatamodeld */; };
		C233D04A2A496A7A003B8ED3 /* MaterialDataManager.swift in Sources */ = {isa = PBXBuildFile; fileRef = C233D0492A496A7A003B8ED3 /* MaterialDataManager.swift */; };
		C23BE2D42A5E84F500372D60 /* History_card_view.swift in Sources */ = {isa = PBXBuildFile; fileRef = C23BE2D32A5E84F500372D60 /* History_card_view.swift */; };
		C23BE2D72A5E860E00372D60 /* History_Data.swift in Sources */ = {isa = PBXBuildFile; fileRef = C23BE2D62A5E860E00372D60 /* History_Data.swift */; };
		C2816AD02A498A86007E2DCE /* PersistenceController.swift in Sources */ = {isa = PBXBuildFile; fileRef = C2816ACF2A498A86007E2DCE /* PersistenceController.swift */; };
		D07248F02A52D3B100C1459D /* RecipeDataManager.swift in Sources */ = {isa = PBXBuildFile; fileRef = D07248EF2A52D3B100C1459D /* RecipeDataManager.swift */; };
		D07B62762A4AC55B0002585A /* ProductDataManager.swift in Sources */ = {isa = PBXBuildFile; fileRef = D07B62752A4AC55B0002585A /* ProductDataManager.swift */; };
		D07B62782A4AC5720002585A /* ProductionDataManager.swift in Sources */ = {isa = PBXBuildFile; fileRef = D07B62772A4AC5720002585A /* ProductionDataManager.swift */; };
/* End PBXBuildFile section */

/* Begin PBXFileReference section */
		3634D61E2A44299400C31903 /* Product_Detail.swift */ = {isa = PBXFileReference; lastKnownFileType = sourcecode.swift; path = Product_Detail.swift; sourceTree = "<group>"; };
		3634D6202A442D9400C31903 /* Product_Add.swift */ = {isa = PBXFileReference; lastKnownFileType = sourcecode.swift; path = Product_Add.swift; sourceTree = "<group>"; };
		3634D6222A45880100C31903 /* Product_Edit.swift */ = {isa = PBXFileReference; lastKnownFileType = sourcecode.swift; path = Product_Edit.swift; sourceTree = "<group>"; };
		3634D6242A45987300C31903 /* Material_Edit.swift */ = {isa = PBXFileReference; lastKnownFileType = sourcecode.swift; path = Material_Edit.swift; sourceTree = "<group>"; };
		3634D6262A45AC3000C31903 /* Material_Detail.swift */ = {isa = PBXFileReference; lastKnownFileType = sourcecode.swift; path = Material_Detail.swift; sourceTree = "<group>"; };
		3634D6282A45ACB900C31903 /* Material_Add.swift */ = {isa = PBXFileReference; lastKnownFileType = sourcecode.swift; path = Material_Add.swift; sourceTree = "<group>"; };
		3634D62E2A569E0D00C31903 /* History.swift */ = {isa = PBXFileReference; lastKnownFileType = sourcecode.swift; path = History.swift; sourceTree = "<group>"; };
		3634D6302A56CD1C00C31903 /* Material_Stock.swift */ = {isa = PBXFileReference; lastKnownFileType = sourcecode.swift; path = Material_Stock.swift; sourceTree = "<group>"; };
		3634D6322A56D47F00C31903 /* Product_Stock.swift */ = {isa = PBXFileReference; lastKnownFileType = sourcecode.swift; path = Product_Stock.swift; sourceTree = "<group>"; };
		3634D6342A56DC0A00C31903 /* History_FilterDate.swift */ = {isa = PBXFileReference; lastKnownFileType = sourcecode.swift; path = History_FilterDate.swift; sourceTree = "<group>"; };
		36CB89352A385137000BDA6D /* Restock.app */ = {isa = PBXFileReference; explicitFileType = wrapper.application; includeInIndex = 0; path = Restock.app; sourceTree = BUILT_PRODUCTS_DIR; };
		36CB89382A385137000BDA6D /* RestockApp.swift */ = {isa = PBXFileReference; lastKnownFileType = sourcecode.swift; path = RestockApp.swift; sourceTree = "<group>"; };
		36CB893A2A385137000BDA6D /* ContentView.swift */ = {isa = PBXFileReference; lastKnownFileType = sourcecode.swift; path = ContentView.swift; sourceTree = "<group>"; };
		36CB893C2A385138000BDA6D /* Assets.xcassets */ = {isa = PBXFileReference; lastKnownFileType = folder.assetcatalog; path = Assets.xcassets; sourceTree = "<group>"; };
		36CB893F2A385138000BDA6D /* Preview Assets.xcassets */ = {isa = PBXFileReference; lastKnownFileType = folder.assetcatalog; path = "Preview Assets.xcassets"; sourceTree = "<group>"; };
		36CB89472A385256000BDA6D /* Summary.swift */ = {isa = PBXFileReference; lastKnownFileType = sourcecode.swift; path = Summary.swift; sourceTree = "<group>"; };
		36CB89492A385266000BDA6D /* Production.swift */ = {isa = PBXFileReference; lastKnownFileType = sourcecode.swift; path = Production.swift; sourceTree = "<group>"; };
		36CB894B2A385272000BDA6D /* Product.swift */ = {isa = PBXFileReference; lastKnownFileType = sourcecode.swift; path = Product.swift; sourceTree = "<group>"; };
		36CB894D2A38527C000BDA6D /* Material.swift */ = {isa = PBXFileReference; lastKnownFileType = sourcecode.swift; path = Material.swift; sourceTree = "<group>"; };
		36CB89502A386934000BDA6D /* Main_Card_View.swift */ = {isa = PBXFileReference; lastKnownFileType = sourcecode.swift; path = Main_Card_View.swift; sourceTree = "<group>"; };
		36CB89552A39A158000BDA6D /* Indicator_Modal_View.swift */ = {isa = PBXFileReference; lastKnownFileType = sourcecode.swift; path = Indicator_Modal_View.swift; sourceTree = "<group>"; };
		36CB89572A39BD52000BDA6D /* Material_Reminder.swift */ = {isa = PBXFileReference; lastKnownFileType = sourcecode.swift; path = Material_Reminder.swift; sourceTree = "<group>"; };
		36CB89592A3AEB4E000BDA6D /* Product_Reminder.swift */ = {isa = PBXFileReference; lastKnownFileType = sourcecode.swift; path = Product_Reminder.swift; sourceTree = "<group>"; };
		36CB895B2A3B04D5000BDA6D /* Production_Card_View.swift */ = {isa = PBXFileReference; lastKnownFileType = sourcecode.swift; path = Production_Card_View.swift; sourceTree = "<group>"; };
		36CB895D2A3B1EBD000BDA6D /* Production_Stock.swift */ = {isa = PBXFileReference; lastKnownFileType = sourcecode.swift; path = Production_Stock.swift; sourceTree = "<group>"; };
		36CB895F2A403BE1000BDA6D /* Production_Detail.swift */ = {isa = PBXFileReference; lastKnownFileType = sourcecode.swift; path = Production_Detail.swift; sourceTree = "<group>"; };
		58E245552A47376800DC9B6E /* Summary_No_Reminder.swift */ = {isa = PBXFileReference; lastKnownFileType = sourcecode.swift; path = Summary_No_Reminder.swift; sourceTree = "<group>"; };
		58E245572A474F0100DC9B6E /* Summary_Safe_Reminder.swift */ = {isa = PBXFileReference; lastKnownFileType = sourcecode.swift; path = Summary_Safe_Reminder.swift; sourceTree = "<group>"; };
		58E245592A47534000DC9B6E /* Production_No_Data.swift */ = {isa = PBXFileReference; lastKnownFileType = sourcecode.swift; path = Production_No_Data.swift; sourceTree = "<group>"; };
		58E2455B2A4758F400DC9B6E /* Product_No_Data.swift */ = {isa = PBXFileReference; lastKnownFileType = sourcecode.swift; path = Product_No_Data.swift; sourceTree = "<group>"; };
		58E2455D2A475D5C00DC9B6E /* Material_No_Data.swift */ = {isa = PBXFileReference; lastKnownFileType = sourcecode.swift; path = Material_No_Data.swift; sourceTree = "<group>"; };
		58E245602A4762C300DC9B6E /* Item.swift */ = {isa = PBXFileReference; lastKnownFileType = sourcecode.swift; path = Item.swift; sourceTree = "<group>"; };
		58E245642A49766900DC9B6E /* Launch_Screen.swift */ = {isa = PBXFileReference; lastKnownFileType = sourcecode.swift; path = Launch_Screen.swift; sourceTree = "<group>"; };
		C233D0462A4968D5003B8ED3 /* mainData.xcdatamodel */ = {isa = PBXFileReference; lastKnownFileType = wrapper.xcdatamodel; path = mainData.xcdatamodel; sourceTree = "<group>"; };
		C233D0492A496A7A003B8ED3 /* MaterialDataManager.swift */ = {isa = PBXFileReference; lastKnownFileType = sourcecode.swift; path = MaterialDataManager.swift; sourceTree = "<group>"; };
		C23BE2D32A5E84F500372D60 /* History_card_view.swift */ = {isa = PBXFileReference; lastKnownFileType = sourcecode.swift; path = History_card_view.swift; sourceTree = "<group>"; };
		C23BE2D62A5E860E00372D60 /* History_Data.swift */ = {isa = PBXFileReference; lastKnownFileType = sourcecode.swift; path = History_Data.swift; sourceTree = "<group>"; };
		C2816ACF2A498A86007E2DCE /* PersistenceController.swift */ = {isa = PBXFileReference; lastKnownFileType = sourcecode.swift; path = PersistenceController.swift; sourceTree = "<group>"; };
		D00173222A4BDFD300A45FDB /* mainData 3.xcdatamodel */ = {isa = PBXFileReference; lastKnownFileType = wrapper.xcdatamodel; path = "mainData 3.xcdatamodel"; sourceTree = "<group>"; };
		D07248EA2A4C10B400C1459D /* mainData 4.xcdatamodel */ = {isa = PBXFileReference; lastKnownFileType = wrapper.xcdatamodel; path = "mainData 4.xcdatamodel"; sourceTree = "<group>"; };
		D07248EB2A4C133000C1459D /* mainData 5.xcdatamodel */ = {isa = PBXFileReference; lastKnownFileType = wrapper.xcdatamodel; path = "mainData 5.xcdatamodel"; sourceTree = "<group>"; };
		D07248EF2A52D3B100C1459D /* RecipeDataManager.swift */ = {isa = PBXFileReference; lastKnownFileType = sourcecode.swift; path = RecipeDataManager.swift; sourceTree = "<group>"; };
		D07B62752A4AC55B0002585A /* ProductDataManager.swift */ = {isa = PBXFileReference; lastKnownFileType = sourcecode.swift; path = ProductDataManager.swift; sourceTree = "<group>"; };
		D07B62772A4AC5720002585A /* ProductionDataManager.swift */ = {isa = PBXFileReference; lastKnownFileType = sourcecode.swift; path = ProductionDataManager.swift; sourceTree = "<group>"; };
		D08BD6972A4BA4E3003D4233 /* mainData 2.xcdatamodel */ = {isa = PBXFileReference; lastKnownFileType = wrapper.xcdatamodel; path = "mainData 2.xcdatamodel"; sourceTree = "<group>"; };
/* End PBXFileReference section */

/* Begin PBXFrameworksBuildPhase section */
		36CB89322A385137000BDA6D /* Frameworks */ = {
			isa = PBXFrameworksBuildPhase;
			buildActionMask = 2147483647;
			files = (
			);
			runOnlyForDeploymentPostprocessing = 0;
		};
/* End PBXFrameworksBuildPhase section */

/* Begin PBXGroup section */
		3634D62A2A569CB300C31903 /* Unused View */ = {
			isa = PBXGroup;
			children = (
				36CB89492A385266000BDA6D /* Production.swift */,
				58E245592A47534000DC9B6E /* Production_No_Data.swift */,
				36CB895D2A3B1EBD000BDA6D /* Production_Stock.swift */,
				36CB895F2A403BE1000BDA6D /* Production_Detail.swift */,
				36CB89472A385256000BDA6D /* Summary.swift */,
				58E245552A47376800DC9B6E /* Summary_No_Reminder.swift */,
				58E245572A474F0100DC9B6E /* Summary_Safe_Reminder.swift */,
				58E2455D2A475D5C00DC9B6E /* Material_No_Data.swift */,
				58E2455B2A4758F400DC9B6E /* Product_No_Data.swift */,
			);
			path = "Unused View";
			sourceTree = "<group>";
		};
		3634D62B2A569CCD00C31903 /* Product */ = {
			isa = PBXGroup;
			children = (
				36CB894B2A385272000BDA6D /* Product.swift */,
				36CB89592A3AEB4E000BDA6D /* Product_Reminder.swift */,
				3634D61E2A44299400C31903 /* Product_Detail.swift */,
				3634D6202A442D9400C31903 /* Product_Add.swift */,
				3634D6222A45880100C31903 /* Product_Edit.swift */,
				3634D6322A56D47F00C31903 /* Product_Stock.swift */,
			);
			path = Product;
			sourceTree = "<group>";
		};
		3634D62C2A569CEF00C31903 /* Material */ = {
			isa = PBXGroup;
			children = (
				36CB894D2A38527C000BDA6D /* Material.swift */,
				3634D6242A45987300C31903 /* Material_Edit.swift */,
				3634D6262A45AC3000C31903 /* Material_Detail.swift */,
				3634D6282A45ACB900C31903 /* Material_Add.swift */,
				36CB89572A39BD52000BDA6D /* Material_Reminder.swift */,
				3634D6302A56CD1C00C31903 /* Material_Stock.swift */,
			);
			path = Material;
			sourceTree = "<group>";
		};
		3634D62D2A569DE100C31903 /* History */ = {
			isa = PBXGroup;
			children = (
				3634D62E2A569E0D00C31903 /* History.swift */,
				3634D6342A56DC0A00C31903 /* History_FilterDate.swift */,
			);
			path = History;
			sourceTree = "<group>";
		};
		36CB892C2A385137000BDA6D = {
			isa = PBXGroup;
			children = (
				58E9ABB02A42E666006FCA14 /* Restock */,
				36CB89362A385137000BDA6D /* Products */,
				58E245682A497DC700DC9B6E /* Frameworks */,
			);
			sourceTree = "<group>";
		};
		36CB89362A385137000BDA6D /* Products */ = {
			isa = PBXGroup;
			children = (
				36CB89352A385137000BDA6D /* Restock.app */,
			);
			name = Products;
			sourceTree = "<group>";
		};
		36CB893E2A385138000BDA6D /* Preview Content */ = {
			isa = PBXGroup;
			children = (
				36CB893F2A385138000BDA6D /* Preview Assets.xcassets */,
			);
			path = "Preview Content";
			sourceTree = "<group>";
		};
		36CB89462A38523D000BDA6D /* Views */ = {
			isa = PBXGroup;
			children = (
				3634D62A2A569CB300C31903 /* Unused View */,
				3634D62C2A569CEF00C31903 /* Material */,
				3634D62B2A569CCD00C31903 /* Product */,
				3634D62D2A569DE100C31903 /* History */,
				58E245642A49766900DC9B6E /* Launch_Screen.swift */,
			);
			path = Views;
			sourceTree = "<group>";
		};
		36CB894F2A38690C000BDA6D /* CardViews */ = {
			isa = PBXGroup;
			children = (
				36CB89502A386934000BDA6D /* Main_Card_View.swift */,
				36CB895B2A3B04D5000BDA6D /* Production_Card_View.swift */,
				C23BE2D32A5E84F500372D60 /* History_card_view.swift */,
			);
			path = CardViews;
			sourceTree = "<group>";
		};
		36CB89542A39A13B000BDA6D /* ModalViews */ = {
			isa = PBXGroup;
			children = (
				36CB89552A39A158000BDA6D /* Indicator_Modal_View.swift */,
			);
			path = ModalViews;
			sourceTree = "<group>";
		};
		58E2455F2A4762B300DC9B6E /* Item */ = {
			isa = PBXGroup;
			children = (
				58E245602A4762C300DC9B6E /* Item.swift */,
			);
			path = Item;
			sourceTree = "<group>";
		};
		58E245682A497DC700DC9B6E /* Frameworks */ = {
			isa = PBXGroup;
			children = (
			);
			name = Frameworks;
			sourceTree = "<group>";
		};
		58E9ABB02A42E666006FCA14 /* Restock */ = {
			isa = PBXGroup;
			children = (
				C23BE2D52A5E860100372D60 /* Datas */,
				C233D0482A496A61003B8ED3 /* Features */,
				58E2455F2A4762B300DC9B6E /* Item */,
				36CB89542A39A13B000BDA6D /* ModalViews */,
				36CB894F2A38690C000BDA6D /* CardViews */,
				36CB89462A38523D000BDA6D /* Views */,
				36CB89382A385137000BDA6D /* RestockApp.swift */,
				36CB893A2A385137000BDA6D /* ContentView.swift */,
				36CB893C2A385138000BDA6D /* Assets.xcassets */,
				36CB893E2A385138000BDA6D /* Preview Content */,
				C233D0452A4968D5003B8ED3 /* mainData.xcdatamodeld */,
				C2816ACF2A498A86007E2DCE /* PersistenceController.swift */,
			);
			path = Restock;
			sourceTree = "<group>";
		};
		C233D0482A496A61003B8ED3 /* Features */ = {
			isa = PBXGroup;
			children = (
				C233D0492A496A7A003B8ED3 /* MaterialDataManager.swift */,
				D07B62752A4AC55B0002585A /* ProductDataManager.swift */,
				D07B62772A4AC5720002585A /* ProductionDataManager.swift */,
				D07248EF2A52D3B100C1459D /* RecipeDataManager.swift */,
			);
			path = Features;
			sourceTree = "<group>";
		};
		C23BE2D52A5E860100372D60 /* Datas */ = {
			isa = PBXGroup;
			children = (
				C23BE2D62A5E860E00372D60 /* History_Data.swift */,
			);
			path = Datas;
			sourceTree = "<group>";
		};
/* End PBXGroup section */

/* Begin PBXNativeTarget section */
		36CB89342A385137000BDA6D /* Restock */ = {
			isa = PBXNativeTarget;
			buildConfigurationList = 36CB89432A385138000BDA6D /* Build configuration list for PBXNativeTarget "Restock" */;
			buildPhases = (
				36CB89312A385137000BDA6D /* Sources */,
				36CB89322A385137000BDA6D /* Frameworks */,
				36CB89332A385137000BDA6D /* Resources */,
			);
			buildRules = (
			);
			dependencies = (
			);
			name = Restock;
			packageProductDependencies = (
			);
			productName = Inventory;
			productReference = 36CB89352A385137000BDA6D /* Restock.app */;
			productType = "com.apple.product-type.application";
		};
/* End PBXNativeTarget section */

/* Begin PBXProject section */
		36CB892D2A385137000BDA6D /* Project object */ = {
			isa = PBXProject;
			attributes = {
				BuildIndependentTargetsInParallel = 1;
				LastSwiftUpdateCheck = 1430;
				LastUpgradeCheck = 1430;
				TargetAttributes = {
					36CB89342A385137000BDA6D = {
						CreatedOnToolsVersion = 14.3.1;
					};
				};
			};
			buildConfigurationList = 36CB89302A385137000BDA6D /* Build configuration list for PBXProject "Restock" */;
			compatibilityVersion = "Xcode 14.0";
			developmentRegion = en;
			hasScannedForEncodings = 0;
			knownRegions = (
				en,
				Base,
			);
			mainGroup = 36CB892C2A385137000BDA6D;
			packageReferences = (
				58E245692A497EBE00DC9B6E /* XCRemoteSwiftPackageReference "SDWebImageSwiftUI" */,
			);
			productRefGroup = 36CB89362A385137000BDA6D /* Products */;
			projectDirPath = "";
			projectRoot = "";
			targets = (
				36CB89342A385137000BDA6D /* Restock */,
			);
		};
/* End PBXProject section */

/* Begin PBXResourcesBuildPhase section */
		36CB89332A385137000BDA6D /* Resources */ = {
			isa = PBXResourcesBuildPhase;
			buildActionMask = 2147483647;
			files = (
				36CB89402A385138000BDA6D /* Preview Assets.xcassets in Resources */,
				36CB893D2A385138000BDA6D /* Assets.xcassets in Resources */,
			);
			runOnlyForDeploymentPostprocessing = 0;
		};
/* End PBXResourcesBuildPhase section */

/* Begin PBXSourcesBuildPhase section */
		36CB89312A385137000BDA6D /* Sources */ = {
			isa = PBXSourcesBuildPhase;
			buildActionMask = 2147483647;
			files = (
				3634D62F2A569E0D00C31903 /* History.swift in Sources */,
				36CB89602A403BE1000BDA6D /* Production_Detail.swift in Sources */,
				36CB895A2A3AEB4E000BDA6D /* Product_Reminder.swift in Sources */,
				D07248F02A52D3B100C1459D /* RecipeDataManager.swift in Sources */,
				36CB89562A39A158000BDA6D /* Indicator_Modal_View.swift in Sources */,
				3634D6232A45880100C31903 /* Product_Edit.swift in Sources */,
				3634D6332A56D47F00C31903 /* Product_Stock.swift in Sources */,
				C233D0472A4968D5003B8ED3 /* mainData.xcdatamodeld in Sources */,
				C23BE2D72A5E860E00372D60 /* History_Data.swift in Sources */,
				36CB894E2A38527C000BDA6D /* Material.swift in Sources */,
				C23BE2D42A5E84F500372D60 /* History_card_view.swift in Sources */,
				58E245612A4762C300DC9B6E /* Item.swift in Sources */,
				58E2455E2A475D5C00DC9B6E /* Material_No_Data.swift in Sources */,
				D07B62762A4AC55B0002585A /* ProductDataManager.swift in Sources */,
				36CB895C2A3B04D5000BDA6D /* Production_Card_View.swift in Sources */,
				3634D6312A56CD1C00C31903 /* Material_Stock.swift in Sources */,
				C2816AD02A498A86007E2DCE /* PersistenceController.swift in Sources */,
				36CB894C2A385272000BDA6D /* Product.swift in Sources */,
				3634D6272A45AC3000C31903 /* Material_Detail.swift in Sources */,
				58E2455C2A4758F400DC9B6E /* Product_No_Data.swift in Sources */,
				3634D61F2A44299400C31903 /* Product_Detail.swift in Sources */,
				3634D6212A442D9400C31903 /* Product_Add.swift in Sources */,
				36CB893B2A385137000BDA6D /* ContentView.swift in Sources */,
				D07B62782A4AC5720002585A /* ProductionDataManager.swift in Sources */,
				3634D6292A45ACB900C31903 /* Material_Add.swift in Sources */,
				36CB89512A386934000BDA6D /* Main_Card_View.swift in Sources */,
				58E245652A49766900DC9B6E /* Launch_Screen.swift in Sources */,
				36CB895E2A3B1EBD000BDA6D /* Production_Stock.swift in Sources */,
				3634D6252A45987300C31903 /* Material_Edit.swift in Sources */,
				58E245562A47376800DC9B6E /* Summary_No_Reminder.swift in Sources */,
				58E245582A474F0100DC9B6E /* Summary_Safe_Reminder.swift in Sources */,
				58E2455A2A47534000DC9B6E /* Production_No_Data.swift in Sources */,
				C233D04A2A496A7A003B8ED3 /* MaterialDataManager.swift in Sources */,
				36CB89482A385256000BDA6D /* Summary.swift in Sources */,
				3634D6352A56DC0A00C31903 /* History_FilterDate.swift in Sources */,
				36CB894A2A385266000BDA6D /* Production.swift in Sources */,
				36CB89392A385137000BDA6D /* RestockApp.swift in Sources */,
				36CB89582A39BD52000BDA6D /* Material_Reminder.swift in Sources */,
			);
			runOnlyForDeploymentPostprocessing = 0;
		};
/* End PBXSourcesBuildPhase section */

/* Begin XCBuildConfiguration section */
		36CB89412A385138000BDA6D /* Debug */ = {
			isa = XCBuildConfiguration;
			buildSettings = {
				ALWAYS_SEARCH_USER_PATHS = NO;
				CLANG_ANALYZER_NONNULL = YES;
				CLANG_ANALYZER_NUMBER_OBJECT_CONVERSION = YES_AGGRESSIVE;
				CLANG_CXX_LANGUAGE_STANDARD = "gnu++20";
				CLANG_ENABLE_MODULES = YES;
				CLANG_ENABLE_OBJC_ARC = YES;
				CLANG_ENABLE_OBJC_WEAK = YES;
				CLANG_WARN_BLOCK_CAPTURE_AUTORELEASING = YES;
				CLANG_WARN_BOOL_CONVERSION = YES;
				CLANG_WARN_COMMA = YES;
				CLANG_WARN_CONSTANT_CONVERSION = YES;
				CLANG_WARN_DEPRECATED_OBJC_IMPLEMENTATIONS = YES;
				CLANG_WARN_DIRECT_OBJC_ISA_USAGE = YES_ERROR;
				CLANG_WARN_DOCUMENTATION_COMMENTS = YES;
				CLANG_WARN_EMPTY_BODY = YES;
				CLANG_WARN_ENUM_CONVERSION = YES;
				CLANG_WARN_INFINITE_RECURSION = YES;
				CLANG_WARN_INT_CONVERSION = YES;
				CLANG_WARN_NON_LITERAL_NULL_CONVERSION = YES;
				CLANG_WARN_OBJC_IMPLICIT_RETAIN_SELF = YES;
				CLANG_WARN_OBJC_LITERAL_CONVERSION = YES;
				CLANG_WARN_OBJC_ROOT_CLASS = YES_ERROR;
				CLANG_WARN_QUOTED_INCLUDE_IN_FRAMEWORK_HEADER = YES;
				CLANG_WARN_RANGE_LOOP_ANALYSIS = YES;
				CLANG_WARN_STRICT_PROTOTYPES = YES;
				CLANG_WARN_SUSPICIOUS_MOVE = YES;
				CLANG_WARN_UNGUARDED_AVAILABILITY = YES_AGGRESSIVE;
				CLANG_WARN_UNREACHABLE_CODE = YES;
				CLANG_WARN__DUPLICATE_METHOD_MATCH = YES;
				COPY_PHASE_STRIP = NO;
				DEBUG_INFORMATION_FORMAT = dwarf;
				ENABLE_STRICT_OBJC_MSGSEND = YES;
				ENABLE_TESTABILITY = YES;
				GCC_C_LANGUAGE_STANDARD = gnu11;
				GCC_DYNAMIC_NO_PIC = NO;
				GCC_NO_COMMON_BLOCKS = YES;
				GCC_OPTIMIZATION_LEVEL = 0;
				GCC_PREPROCESSOR_DEFINITIONS = (
					"DEBUG=1",
					"$(inherited)",
				);
				GCC_WARN_64_TO_32_BIT_CONVERSION = YES;
				GCC_WARN_ABOUT_RETURN_TYPE = YES_ERROR;
				GCC_WARN_UNDECLARED_SELECTOR = YES;
				GCC_WARN_UNINITIALIZED_AUTOS = YES_AGGRESSIVE;
				GCC_WARN_UNUSED_FUNCTION = YES;
				GCC_WARN_UNUSED_VARIABLE = YES;
				IPHONEOS_DEPLOYMENT_TARGET = 16.2;
				MTL_ENABLE_DEBUG_INFO = INCLUDE_SOURCE;
				MTL_FAST_MATH = YES;
				ONLY_ACTIVE_ARCH = YES;
				SDKROOT = iphoneos;
				SWIFT_ACTIVE_COMPILATION_CONDITIONS = DEBUG;
				SWIFT_OPTIMIZATION_LEVEL = "-Onone";
			};
			name = Debug;
		};
		36CB89422A385138000BDA6D /* Release */ = {
			isa = XCBuildConfiguration;
			buildSettings = {
				ALWAYS_SEARCH_USER_PATHS = NO;
				CLANG_ANALYZER_NONNULL = YES;
				CLANG_ANALYZER_NUMBER_OBJECT_CONVERSION = YES_AGGRESSIVE;
				CLANG_CXX_LANGUAGE_STANDARD = "gnu++20";
				CLANG_ENABLE_MODULES = YES;
				CLANG_ENABLE_OBJC_ARC = YES;
				CLANG_ENABLE_OBJC_WEAK = YES;
				CLANG_WARN_BLOCK_CAPTURE_AUTORELEASING = YES;
				CLANG_WARN_BOOL_CONVERSION = YES;
				CLANG_WARN_COMMA = YES;
				CLANG_WARN_CONSTANT_CONVERSION = YES;
				CLANG_WARN_DEPRECATED_OBJC_IMPLEMENTATIONS = YES;
				CLANG_WARN_DIRECT_OBJC_ISA_USAGE = YES_ERROR;
				CLANG_WARN_DOCUMENTATION_COMMENTS = YES;
				CLANG_WARN_EMPTY_BODY = YES;
				CLANG_WARN_ENUM_CONVERSION = YES;
				CLANG_WARN_INFINITE_RECURSION = YES;
				CLANG_WARN_INT_CONVERSION = YES;
				CLANG_WARN_NON_LITERAL_NULL_CONVERSION = YES;
				CLANG_WARN_OBJC_IMPLICIT_RETAIN_SELF = YES;
				CLANG_WARN_OBJC_LITERAL_CONVERSION = YES;
				CLANG_WARN_OBJC_ROOT_CLASS = YES_ERROR;
				CLANG_WARN_QUOTED_INCLUDE_IN_FRAMEWORK_HEADER = YES;
				CLANG_WARN_RANGE_LOOP_ANALYSIS = YES;
				CLANG_WARN_STRICT_PROTOTYPES = YES;
				CLANG_WARN_SUSPICIOUS_MOVE = YES;
				CLANG_WARN_UNGUARDED_AVAILABILITY = YES_AGGRESSIVE;
				CLANG_WARN_UNREACHABLE_CODE = YES;
				CLANG_WARN__DUPLICATE_METHOD_MATCH = YES;
				COPY_PHASE_STRIP = NO;
				DEBUG_INFORMATION_FORMAT = "dwarf-with-dsym";
				ENABLE_NS_ASSERTIONS = NO;
				ENABLE_STRICT_OBJC_MSGSEND = YES;
				GCC_C_LANGUAGE_STANDARD = gnu11;
				GCC_NO_COMMON_BLOCKS = YES;
				GCC_WARN_64_TO_32_BIT_CONVERSION = YES;
				GCC_WARN_ABOUT_RETURN_TYPE = YES_ERROR;
				GCC_WARN_UNDECLARED_SELECTOR = YES;
				GCC_WARN_UNINITIALIZED_AUTOS = YES_AGGRESSIVE;
				GCC_WARN_UNUSED_FUNCTION = YES;
				GCC_WARN_UNUSED_VARIABLE = YES;
				IPHONEOS_DEPLOYMENT_TARGET = 16.2;
				MTL_ENABLE_DEBUG_INFO = NO;
				MTL_FAST_MATH = YES;
				SDKROOT = iphoneos;
				SWIFT_COMPILATION_MODE = wholemodule;
				SWIFT_OPTIMIZATION_LEVEL = "-O";
				VALIDATE_PRODUCT = YES;
			};
			name = Release;
		};
		36CB89442A385138000BDA6D /* Debug */ = {
			isa = XCBuildConfiguration;
			buildSettings = {
				ASSETCATALOG_COMPILER_APPICON_NAME = AppIcon;
				ASSETCATALOG_COMPILER_GLOBAL_ACCENT_COLOR_NAME = AccentColor;
				ASSETCATALOG_COMPILER_INCLUDE_ALL_APPICON_ASSETS = NO;
				CODE_SIGN_STYLE = Automatic;
				CURRENT_PROJECT_VERSION = 1;
				DEVELOPMENT_ASSET_PATHS = "\"Restock/Preview Content\"";
				DEVELOPMENT_TEAM = 44349BA3CD;
				ENABLE_PREVIEWS = YES;
				GENERATE_INFOPLIST_FILE = YES;
				INFOPLIST_KEY_UIApplicationSceneManifest_Generation = YES;
				INFOPLIST_KEY_UIApplicationSupportsIndirectInputEvents = YES;
				INFOPLIST_KEY_UILaunchScreen_Generation = YES;
				INFOPLIST_KEY_UISupportedInterfaceOrientations_iPad = "UIInterfaceOrientationPortrait UIInterfaceOrientationPortraitUpsideDown UIInterfaceOrientationLandscapeLeft UIInterfaceOrientationLandscapeRight";
				INFOPLIST_KEY_UISupportedInterfaceOrientations_iPhone = "UIInterfaceOrientationPortrait UIInterfaceOrientationLandscapeLeft UIInterfaceOrientationLandscapeRight";
				LD_RUNPATH_SEARCH_PATHS = (
					"$(inherited)",
					"@executable_path/Frameworks",
				);
				MARKETING_VERSION = 1.0;
				PRODUCT_BUNDLE_IDENTIFIER = com.ada.Restock;
				PRODUCT_NAME = "$(TARGET_NAME)";
				SWIFT_EMIT_LOC_STRINGS = YES;
				SWIFT_VERSION = 5.0;
				TARGETED_DEVICE_FAMILY = "1,2";
			};
			name = Debug;
		};
		36CB89452A385138000BDA6D /* Release */ = {
			isa = XCBuildConfiguration;
			buildSettings = {
				ASSETCATALOG_COMPILER_APPICON_NAME = AppIcon;
				ASSETCATALOG_COMPILER_GLOBAL_ACCENT_COLOR_NAME = AccentColor;
				ASSETCATALOG_COMPILER_INCLUDE_ALL_APPICON_ASSETS = NO;
				CODE_SIGN_STYLE = Automatic;
				CURRENT_PROJECT_VERSION = 1;
				DEVELOPMENT_ASSET_PATHS = "\"Restock/Preview Content\"";
				DEVELOPMENT_TEAM = 44349BA3CD;
				ENABLE_PREVIEWS = YES;
				GENERATE_INFOPLIST_FILE = YES;
				INFOPLIST_KEY_UIApplicationSceneManifest_Generation = YES;
				INFOPLIST_KEY_UIApplicationSupportsIndirectInputEvents = YES;
				INFOPLIST_KEY_UILaunchScreen_Generation = YES;
				INFOPLIST_KEY_UISupportedInterfaceOrientations_iPad = "UIInterfaceOrientationPortrait UIInterfaceOrientationPortraitUpsideDown UIInterfaceOrientationLandscapeLeft UIInterfaceOrientationLandscapeRight";
				INFOPLIST_KEY_UISupportedInterfaceOrientations_iPhone = "UIInterfaceOrientationPortrait UIInterfaceOrientationLandscapeLeft UIInterfaceOrientationLandscapeRight";
				LD_RUNPATH_SEARCH_PATHS = (
					"$(inherited)",
					"@executable_path/Frameworks",
				);
				MARKETING_VERSION = 1.0;
				PRODUCT_BUNDLE_IDENTIFIER = com.ada.Restock;
				PRODUCT_NAME = "$(TARGET_NAME)";
				SWIFT_EMIT_LOC_STRINGS = YES;
				SWIFT_VERSION = 5.0;
				TARGETED_DEVICE_FAMILY = "1,2";
			};
			name = Release;
		};
/* End XCBuildConfiguration section */

/* Begin XCConfigurationList section */
		36CB89302A385137000BDA6D /* Build configuration list for PBXProject "Restock" */ = {
			isa = XCConfigurationList;
			buildConfigurations = (
				36CB89412A385138000BDA6D /* Debug */,
				36CB89422A385138000BDA6D /* Release */,
			);
			defaultConfigurationIsVisible = 0;
			defaultConfigurationName = Release;
		};
		36CB89432A385138000BDA6D /* Build configuration list for PBXNativeTarget "Restock" */ = {
			isa = XCConfigurationList;
			buildConfigurations = (
				36CB89442A385138000BDA6D /* Debug */,
				36CB89452A385138000BDA6D /* Release */,
			);
			defaultConfigurationIsVisible = 0;
			defaultConfigurationName = Release;
		};
/* End XCConfigurationList section */

/* Begin XCRemoteSwiftPackageReference section */
		58E245692A497EBE00DC9B6E /* XCRemoteSwiftPackageReference "SDWebImageSwiftUI" */ = {
			isa = XCRemoteSwiftPackageReference;
			repositoryURL = "https://github.com/SDWebImage/SDWebImageSwiftUI";
			requirement = {
				kind = upToNextMajorVersion;
				minimumVersion = 2.0.0;
			};
		};
/* End XCRemoteSwiftPackageReference section */

/* Begin XCVersionGroup section */
		C233D0452A4968D5003B8ED3 /* mainData.xcdatamodeld */ = {
			isa = XCVersionGroup;
			children = (
				D07248EB2A4C133000C1459D /* mainData 5.xcdatamodel */,
				D07248EA2A4C10B400C1459D /* mainData 4.xcdatamodel */,
				D00173222A4BDFD300A45FDB /* mainData 3.xcdatamodel */,
				D08BD6972A4BA4E3003D4233 /* mainData 2.xcdatamodel */,
				C233D0462A4968D5003B8ED3 /* mainData.xcdatamodel */,
			);
			currentVersion = D07248EA2A4C10B400C1459D /* mainData 4.xcdatamodel */;
			path = mainData.xcdatamodeld;
			sourceTree = "<group>";
			versionGroupType = wrapper.xcdatamodel;
		};
/* End XCVersionGroup section */
	};
	rootObject = 36CB892D2A385137000BDA6D /* Project object */;
}
