// !$*UTF8*$!
{
	archiveVersion = 1;
	classes = {
	};
	objectVersion = 56;
	objects = {

/* Begin PBXBuildFile section */
		3634D61F2A44299400C31903 /* Product_Detail.swift in Sources */ = {isa = PBXBuildFile; fileRef = 3634D61E2A44299400C31903 /* Product_Detail.swift */; };
		3634D6212A442D9400C31903 /* Product_Add.swift in Sources */ = {isa = PBXBuildFile; fileRef = 3634D6202A442D9400C31903 /* Product_Add.swift */; };
		3634D6232A45880100C31903 /* Product_Edit.swift in Sources */ = {isa = PBXBuildFile; fileRef = 3634D6222A45880100C31903 /* Product_Edit.swift */; };
		3634D6252A45987300C31903 /* Material_Edit.swift in Sources */ = {isa = PBXBuildFile; fileRef = 3634D6242A45987300C31903 /* Material_Edit.swift */; };
		3634D6272A45AC3000C31903 /* Material_Detail.swift in Sources */ = {isa = PBXBuildFile; fileRef = 3634D6262A45AC3000C31903 /* Material_Detail.swift */; };
		3634D6292A45ACB900C31903 /* Material_Add.swift in Sources */ = {isa = PBXBuildFile; fileRef = 3634D6282A45ACB900C31903 /* Material_Add.swift */; };
		36CB89392A385137000BDA6D /* RestockApp.swift in Sources */ = {isa = PBXBuildFile; fileRef = 36CB89382A385137000BDA6D /* RestockApp.swift */; };
		36CB893B2A385137000BDA6D /* ContentView.swift in Sources */ = {isa = PBXBuildFile; fileRef = 36CB893A2A385137000BDA6D /* ContentView.swift */; };
		36CB893D2A385138000BDA6D /* Assets.xcassets in Resources */ = {isa = PBXBuildFile; fileRef = 36CB893C2A385138000BDA6D /* Assets.xcassets */; };
		36CB89402A385138000BDA6D /* Preview Assets.xcassets in Resources */ = {isa = PBXBuildFile; fileRef = 36CB893F2A385138000BDA6D /* Preview Assets.xcassets */; };
		36CB89482A385256000BDA6D /* Summary.swift in Sources */ = {isa = PBXBuildFile; fileRef = 36CB89472A385256000BDA6D /* Summary.swift */; };
		36CB894A2A385266000BDA6D /* Production.swift in Sources */ = {isa = PBXBuildFile; fileRef = 36CB89492A385266000BDA6D /* Production.swift */; };
		36CB894C2A385272000BDA6D /* Product.swift in Sources */ = {isa = PBXBuildFile; fileRef = 36CB894B2A385272000BDA6D /* Product.swift */; };
		36CB894E2A38527C000BDA6D /* Material.swift in Sources */ = {isa = PBXBuildFile; fileRef = 36CB894D2A38527C000BDA6D /* Material.swift */; };
		36CB89512A386934000BDA6D /* Main_Card_View.swift in Sources */ = {isa = PBXBuildFile; fileRef = 36CB89502A386934000BDA6D /* Main_Card_View.swift */; };
		36CB89562A39A158000BDA6D /* Indicator_Modal_View.swift in Sources */ = {isa = PBXBuildFile; fileRef = 36CB89552A39A158000BDA6D /* Indicator_Modal_View.swift */; };
		36CB89582A39BD52000BDA6D /* Material_Reminder.swift in Sources */ = {isa = PBXBuildFile; fileRef = 36CB89572A39BD52000BDA6D /* Material_Reminder.swift */; };
		36CB895A2A3AEB4E000BDA6D /* Product_Reminder.swift in Sources */ = {isa = PBXBuildFile; fileRef = 36CB89592A3AEB4E000BDA6D /* Product_Reminder.swift */; };
		36CB895C2A3B04D5000BDA6D /* Production_Card_View.swift in Sources */ = {isa = PBXBuildFile; fileRef = 36CB895B2A3B04D5000BDA6D /* Production_Card_View.swift */; };
		36CB895E2A3B1EBD000BDA6D /* Production_Stock.swift in Sources */ = {isa = PBXBuildFile; fileRef = 36CB895D2A3B1EBD000BDA6D /* Production_Stock.swift */; };
		36CB89602A403BE1000BDA6D /* Production_Detail.swift in Sources */ = {isa = PBXBuildFile; fileRef = 36CB895F2A403BE1000BDA6D /* Production_Detail.swift */; };
/* End PBXBuildFile section */

/* Begin PBXFileReference section */
		3634D61E2A44299400C31903 /* Product_Detail.swift */ = {isa = PBXFileReference; lastKnownFileType = sourcecode.swift; path = Product_Detail.swift; sourceTree = "<group>"; };
		3634D6202A442D9400C31903 /* Product_Add.swift */ = {isa = PBXFileReference; lastKnownFileType = sourcecode.swift; path = Product_Add.swift; sourceTree = "<group>"; };
		3634D6222A45880100C31903 /* Product_Edit.swift */ = {isa = PBXFileReference; lastKnownFileType = sourcecode.swift; path = Product_Edit.swift; sourceTree = "<group>"; };
		3634D6242A45987300C31903 /* Material_Edit.swift */ = {isa = PBXFileReference; lastKnownFileType = sourcecode.swift; path = Material_Edit.swift; sourceTree = "<group>"; };
		3634D6262A45AC3000C31903 /* Material_Detail.swift */ = {isa = PBXFileReference; lastKnownFileType = sourcecode.swift; path = Material_Detail.swift; sourceTree = "<group>"; };
		3634D6282A45ACB900C31903 /* Material_Add.swift */ = {isa = PBXFileReference; lastKnownFileType = sourcecode.swift; path = Material_Add.swift; sourceTree = "<group>"; };
		36CB89352A385137000BDA6D /* Restock.app */ = {isa = PBXFileReference; explicitFileType = wrapper.application; includeInIndex = 0; path = Restock.app; sourceTree = BUILT_PRODUCTS_DIR; };
		36CB89382A385137000BDA6D /* RestockApp.swift */ = {isa = PBXFileReference; lastKnownFileType = sourcecode.swift; path = RestockApp.swift; sourceTree = "<group>"; };
		36CB893A2A385137000BDA6D /* ContentView.swift */ = {isa = PBXFileReference; lastKnownFileType = sourcecode.swift; path = ContentView.swift; sourceTree = "<group>"; };
		36CB893C2A385138000BDA6D /* Assets.xcassets */ = {isa = PBXFileReference; lastKnownFileType = folder.assetcatalog; path = Assets.xcassets; sourceTree = "<group>"; };
		36CB893F2A385138000BDA6D /* Preview Assets.xcassets */ = {isa = PBXFileReference; lastKnownFileType = folder.assetcatalog; path = "Preview Assets.xcassets"; sourceTree = "<group>"; };
		36CB89472A385256000BDA6D /* Summary.swift */ = {isa = PBXFileReference; lastKnownFileType = sourcecode.swift; path = Summary.swift; sourceTree = "<group>"; };
		36CB89492A385266000BDA6D /* Production.swift */ = {isa = PBXFileReference; lastKnownFileType = sourcecode.swift; path = Production.swift; sourceTree = "<group>"; };
		36CB894B2A385272000BDA6D /* Product.swift */ = {isa = PBXFileReference; lastKnownFileType = sourcecode.swift; path = Product.swift; sourceTree = "<group>"; };
		36CB894D2A38527C000BDA6D /* Material.swift */ = {isa = PBXFileReference; lastKnownFileType = sourcecode.swift; path = Material.swift; sourceTree = "<group>"; };
		36CB89502A386934000BDA6D /* Main_Card_View.swift */ = {isa = PBXFileReference; lastKnownFileType = sourcecode.swift; path = Main_Card_View.swift; sourceTree = "<group>"; };
		36CB89552A39A158000BDA6D /* Indicator_Modal_View.swift */ = {isa = PBXFileReference; lastKnownFileType = sourcecode.swift; path = Indicator_Modal_View.swift; sourceTree = "<group>"; };
		36CB89572A39BD52000BDA6D /* Material_Reminder.swift */ = {isa = PBXFileReference; lastKnownFileType = sourcecode.swift; path = Material_Reminder.swift; sourceTree = "<group>"; };
		36CB89592A3AEB4E000BDA6D /* Product_Reminder.swift */ = {isa = PBXFileReference; lastKnownFileType = sourcecode.swift; path = Product_Reminder.swift; sourceTree = "<group>"; };
		36CB895B2A3B04D5000BDA6D /* Production_Card_View.swift */ = {isa = PBXFileReference; lastKnownFileType = sourcecode.swift; path = Production_Card_View.swift; sourceTree = "<group>"; };
		36CB895D2A3B1EBD000BDA6D /* Production_Stock.swift */ = {isa = PBXFileReference; lastKnownFileType = sourcecode.swift; path = Production_Stock.swift; sourceTree = "<group>"; };
		36CB895F2A403BE1000BDA6D /* Production_Detail.swift */ = {isa = PBXFileReference; lastKnownFileType = sourcecode.swift; path = Production_Detail.swift; sourceTree = "<group>"; };
/* End PBXFileReference section */

/* Begin PBXFrameworksBuildPhase section */
		36CB89322A385137000BDA6D /* Frameworks */ = {
			isa = PBXFrameworksBuildPhase;
			buildActionMask = 2147483647;
			files = (
			);
			runOnlyForDeploymentPostprocessing = 0;
		};
/* End PBXFrameworksBuildPhase section */

/* Begin PBXGroup section */
		36CB892C2A385137000BDA6D = {
			isa = PBXGroup;
			children = (
				58E9ABB02A42E666006FCA14 /* Restock */,
				36CB89362A385137000BDA6D /* Products */,
			);
			sourceTree = "<group>";
		};
		36CB89362A385137000BDA6D /* Products */ = {
			isa = PBXGroup;
			children = (
				36CB89352A385137000BDA6D /* Restock.app */,
			);
			name = Products;
			sourceTree = "<group>";
		};
		36CB893E2A385138000BDA6D /* Preview Content */ = {
			isa = PBXGroup;
			children = (
				36CB893F2A385138000BDA6D /* Preview Assets.xcassets */,
			);
			path = "Preview Content";
			sourceTree = "<group>";
		};
		36CB89462A38523D000BDA6D /* Views */ = {
			isa = PBXGroup;
			children = (
				36CB89472A385256000BDA6D /* Summary.swift */,
				36CB89572A39BD52000BDA6D /* Material_Reminder.swift */,
				36CB89592A3AEB4E000BDA6D /* Product_Reminder.swift */,
				36CB89492A385266000BDA6D /* Production.swift */,
				36CB895D2A3B1EBD000BDA6D /* Production_Stock.swift */,
				36CB895F2A403BE1000BDA6D /* Production_Detail.swift */,
				36CB894B2A385272000BDA6D /* Product.swift */,
				3634D61E2A44299400C31903 /* Product_Detail.swift */,
				3634D6202A442D9400C31903 /* Product_Add.swift */,
				3634D6222A45880100C31903 /* Product_Edit.swift */,
				36CB894D2A38527C000BDA6D /* Material.swift */,
				3634D6242A45987300C31903 /* Material_Edit.swift */,
				3634D6262A45AC3000C31903 /* Material_Detail.swift */,
				3634D6282A45ACB900C31903 /* Material_Add.swift */,
			);
			path = Views;
			sourceTree = "<group>";
		};
		36CB894F2A38690C000BDA6D /* CardViews */ = {
			isa = PBXGroup;
			children = (
				36CB89502A386934000BDA6D /* Main_Card_View.swift */,
				36CB895B2A3B04D5000BDA6D /* Production_Card_View.swift */,
			);
			path = CardViews;
			sourceTree = "<group>";
		};
		36CB89542A39A13B000BDA6D /* ModalViews */ = {
			isa = PBXGroup;
			children = (
				36CB89552A39A158000BDA6D /* Indicator_Modal_View.swift */,
			);
			path = ModalViews;
			sourceTree = "<group>";
		};
		58E9ABB02A42E666006FCA14 /* Restock */ = {
			isa = PBXGroup;
			children = (
				36CB89542A39A13B000BDA6D /* ModalViews */,
				36CB894F2A38690C000BDA6D /* CardViews */,
				36CB89462A38523D000BDA6D /* Views */,
				36CB89382A385137000BDA6D /* RestockApp.swift */,
				36CB893A2A385137000BDA6D /* ContentView.swift */,
				36CB893C2A385138000BDA6D /* Assets.xcassets */,
				36CB893E2A385138000BDA6D /* Preview Content */,
			);
			path = Restock;
			sourceTree = "<group>";
		};
/* End PBXGroup section */

/* Begin PBXNativeTarget section */
		36CB89342A385137000BDA6D /* Restock */ = {
			isa = PBXNativeTarget;
			buildConfigurationList = 36CB89432A385138000BDA6D /* Build configuration list for PBXNativeTarget "Restock" */;
			buildPhases = (
				36CB89312A385137000BDA6D /* Sources */,
				36CB89322A385137000BDA6D /* Frameworks */,
				36CB89332A385137000BDA6D /* Resources */,
			);
			buildRules = (
			);
			dependencies = (
			);
			name = Restock;
			productName = Inventory;
			productReference = 36CB89352A385137000BDA6D /* Restock.app */;
			productType = "com.apple.product-type.application";
		};
/* End PBXNativeTarget section */

/* Begin PBXProject section */
		36CB892D2A385137000BDA6D /* Project object */ = {
			isa = PBXProject;
			attributes = {
				BuildIndependentTargetsInParallel = 1;
				LastSwiftUpdateCheck = 1430;
				LastUpgradeCheck = 1430;
				TargetAttributes = {
					36CB89342A385137000BDA6D = {
						CreatedOnToolsVersion = 14.3.1;
					};
				};
			};
			buildConfigurationList = 36CB89302A385137000BDA6D /* Build configuration list for PBXProject "Restock" */;
			compatibilityVersion = "Xcode 14.0";
			developmentRegion = en;
			hasScannedForEncodings = 0;
			knownRegions = (
				en,
				Base,
			);
			mainGroup = 36CB892C2A385137000BDA6D;
			productRefGroup = 36CB89362A385137000BDA6D /* Products */;
			projectDirPath = "";
			projectRoot = "";
			targets = (
				36CB89342A385137000BDA6D /* Restock */,
			);
		};
/* End PBXProject section */

/* Begin PBXResourcesBuildPhase section */
		36CB89332A385137000BDA6D /* Resources */ = {
			isa = PBXResourcesBuildPhase;
			buildActionMask = 2147483647;
			files = (
				36CB89402A385138000BDA6D /* Preview Assets.xcassets in Resources */,
				36CB893D2A385138000BDA6D /* Assets.xcassets in Resources */,
			);
			runOnlyForDeploymentPostprocessing = 0;
		};
/* End PBXResourcesBuildPhase section */

/* Begin PBXSourcesBuildPhase section */
		36CB89312A385137000BDA6D /* Sources */ = {
			isa = PBXSourcesBuildPhase;
			buildActionMask = 2147483647;
			files = (
				36CB89602A403BE1000BDA6D /* Production_Detail.swift in Sources */,
				36CB895A2A3AEB4E000BDA6D /* Product_Reminder.swift in Sources */,
				36CB89562A39A158000BDA6D /* Indicator_Modal_View.swift in Sources */,
				3634D6232A45880100C31903 /* Product_Edit.swift in Sources */,
				36CB894E2A38527C000BDA6D /* Material.swift in Sources */,
				36CB895C2A3B04D5000BDA6D /* Production_Card_View.swift in Sources */,
				36CB894C2A385272000BDA6D /* Product.swift in Sources */,
				3634D6272A45AC3000C31903 /* Material_Detail.swift in Sources */,
				3634D61F2A44299400C31903 /* Product_Detail.swift in Sources */,
				3634D6212A442D9400C31903 /* Product_Add.swift in Sources */,
				36CB893B2A385137000BDA6D /* ContentView.swift in Sources */,
				3634D6292A45ACB900C31903 /* Material_Add.swift in Sources */,
				36CB89512A386934000BDA6D /* Main_Card_View.swift in Sources */,
				36CB895E2A3B1EBD000BDA6D /* Production_Stock.swift in Sources */,
				3634D6252A45987300C31903 /* Material_Edit.swift in Sources */,
				36CB89482A385256000BDA6D /* Summary.swift in Sources */,
				36CB894A2A385266000BDA6D /* Production.swift in Sources */,
				36CB89392A385137000BDA6D /* RestockApp.swift in Sources */,
				36CB89582A39BD52000BDA6D /* Material_Reminder.swift in Sources */,
			);
			runOnlyForDeploymentPostprocessing = 0;
		};
/* End PBXSourcesBuildPhase section */

/* Begin XCBuildConfiguration section */
		36CB89412A385138000BDA6D /* Debug */ = {
			isa = XCBuildConfiguration;
			buildSettings = {
				ALWAYS_SEARCH_USER_PATHS = NO;
				CLANG_ANALYZER_NONNULL = YES;
				CLANG_ANALYZER_NUMBER_OBJECT_CONVERSION = YES_AGGRESSIVE;
				CLANG_CXX_LANGUAGE_STANDARD = "gnu++20";
				CLANG_ENABLE_MODULES = YES;
				CLANG_ENABLE_OBJC_ARC = YES;
				CLANG_ENABLE_OBJC_WEAK = YES;
				CLANG_WARN_BLOCK_CAPTURE_AUTORELEASING = YES;
				CLANG_WARN_BOOL_CONVERSION = YES;
				CLANG_WARN_COMMA = YES;
				CLANG_WARN_CONSTANT_CONVERSION = YES;
				CLANG_WARN_DEPRECATED_OBJC_IMPLEMENTATIONS = YES;
				CLANG_WARN_DIRECT_OBJC_ISA_USAGE = YES_ERROR;
				CLANG_WARN_DOCUMENTATION_COMMENTS = YES;
				CLANG_WARN_EMPTY_BODY = YES;
				CLANG_WARN_ENUM_CONVERSION = YES;
				CLANG_WARN_INFINITE_RECURSION = YES;
				CLANG_WARN_INT_CONVERSION = YES;
				CLANG_WARN_NON_LITERAL_NULL_CONVERSION = YES;
				CLANG_WARN_OBJC_IMPLICIT_RETAIN_SELF = YES;
				CLANG_WARN_OBJC_LITERAL_CONVERSION = YES;
				CLANG_WARN_OBJC_ROOT_CLASS = YES_ERROR;
				CLANG_WARN_QUOTED_INCLUDE_IN_FRAMEWORK_HEADER = YES;
				CLANG_WARN_RANGE_LOOP_ANALYSIS = YES;
				CLANG_WARN_STRICT_PROTOTYPES = YES;
				CLANG_WARN_SUSPICIOUS_MOVE = YES;
				CLANG_WARN_UNGUARDED_AVAILABILITY = YES_AGGRESSIVE;
				CLANG_WARN_UNREACHABLE_CODE = YES;
				CLANG_WARN__DUPLICATE_METHOD_MATCH = YES;
				COPY_PHASE_STRIP = NO;
				DEBUG_INFORMATION_FORMAT = dwarf;
				ENABLE_STRICT_OBJC_MSGSEND = YES;
				ENABLE_TESTABILITY = YES;
				GCC_C_LANGUAGE_STANDARD = gnu11;
				GCC_DYNAMIC_NO_PIC = NO;
				GCC_NO_COMMON_BLOCKS = YES;
				GCC_OPTIMIZATION_LEVEL = 0;
				GCC_PREPROCESSOR_DEFINITIONS = (
					"DEBUG=1",
					"$(inherited)",
				);
				GCC_WARN_64_TO_32_BIT_CONVERSION = YES;
				GCC_WARN_ABOUT_RETURN_TYPE = YES_ERROR;
				GCC_WARN_UNDECLARED_SELECTOR = YES;
				GCC_WARN_UNINITIALIZED_AUTOS = YES_AGGRESSIVE;
				GCC_WARN_UNUSED_FUNCTION = YES;
				GCC_WARN_UNUSED_VARIABLE = YES;
				IPHONEOS_DEPLOYMENT_TARGET = 16.4;
				MTL_ENABLE_DEBUG_INFO = INCLUDE_SOURCE;
				MTL_FAST_MATH = YES;
				ONLY_ACTIVE_ARCH = YES;
				SDKROOT = iphoneos;
				SWIFT_ACTIVE_COMPILATION_CONDITIONS = DEBUG;
				SWIFT_OPTIMIZATION_LEVEL = "-Onone";
			};
			name = Debug;
		};
		36CB89422A385138000BDA6D /* Release */ = {
			isa = XCBuildConfiguration;
			buildSettings = {
				ALWAYS_SEARCH_USER_PATHS = NO;
				CLANG_ANALYZER_NONNULL = YES;
				CLANG_ANALYZER_NUMBER_OBJECT_CONVERSION = YES_AGGRESSIVE;
				CLANG_CXX_LANGUAGE_STANDARD = "gnu++20";
				CLANG_ENABLE_MODULES = YES;
				CLANG_ENABLE_OBJC_ARC = YES;
				CLANG_ENABLE_OBJC_WEAK = YES;
				CLANG_WARN_BLOCK_CAPTURE_AUTORELEASING = YES;
				CLANG_WARN_BOOL_CONVERSION = YES;
				CLANG_WARN_COMMA = YES;
				CLANG_WARN_CONSTANT_CONVERSION = YES;
				CLANG_WARN_DEPRECATED_OBJC_IMPLEMENTATIONS = YES;
				CLANG_WARN_DIRECT_OBJC_ISA_USAGE = YES_ERROR;
				CLANG_WARN_DOCUMENTATION_COMMENTS = YES;
				CLANG_WARN_EMPTY_BODY = YES;
				CLANG_WARN_ENUM_CONVERSION = YES;
				CLANG_WARN_INFINITE_RECURSION = YES;
				CLANG_WARN_INT_CONVERSION = YES;
				CLANG_WARN_NON_LITERAL_NULL_CONVERSION = YES;
				CLANG_WARN_OBJC_IMPLICIT_RETAIN_SELF = YES;
				CLANG_WARN_OBJC_LITERAL_CONVERSION = YES;
				CLANG_WARN_OBJC_ROOT_CLASS = YES_ERROR;
				CLANG_WARN_QUOTED_INCLUDE_IN_FRAMEWORK_HEADER = YES;
				CLANG_WARN_RANGE_LOOP_ANALYSIS = YES;
				CLANG_WARN_STRICT_PROTOTYPES = YES;
				CLANG_WARN_SUSPICIOUS_MOVE = YES;
				CLANG_WARN_UNGUARDED_AVAILABILITY = YES_AGGRESSIVE;
				CLANG_WARN_UNREACHABLE_CODE = YES;
				CLANG_WARN__DUPLICATE_METHOD_MATCH = YES;
				COPY_PHASE_STRIP = NO;
				DEBUG_INFORMATION_FORMAT = "dwarf-with-dsym";
				ENABLE_NS_ASSERTIONS = NO;
				ENABLE_STRICT_OBJC_MSGSEND = YES;
				GCC_C_LANGUAGE_STANDARD = gnu11;
				GCC_NO_COMMON_BLOCKS = YES;
				GCC_WARN_64_TO_32_BIT_CONVERSION = YES;
				GCC_WARN_ABOUT_RETURN_TYPE = YES_ERROR;
				GCC_WARN_UNDECLARED_SELECTOR = YES;
				GCC_WARN_UNINITIALIZED_AUTOS = YES_AGGRESSIVE;
				GCC_WARN_UNUSED_FUNCTION = YES;
				GCC_WARN_UNUSED_VARIABLE = YES;
				IPHONEOS_DEPLOYMENT_TARGET = 16.4;
				MTL_ENABLE_DEBUG_INFO = NO;
				MTL_FAST_MATH = YES;
				SDKROOT = iphoneos;
				SWIFT_COMPILATION_MODE = wholemodule;
				SWIFT_OPTIMIZATION_LEVEL = "-O";
				VALIDATE_PRODUCT = YES;
			};
			name = Release;
		};
		36CB89442A385138000BDA6D /* Debug */ = {
			isa = XCBuildConfiguration;
			buildSettings = {
				ASSETCATALOG_COMPILER_APPICON_NAME = AppIcon;
				ASSETCATALOG_COMPILER_GLOBAL_ACCENT_COLOR_NAME = AccentColor;
				CODE_SIGN_STYLE = Automatic;
				CURRENT_PROJECT_VERSION = 1;
				DEVELOPMENT_ASSET_PATHS = "\"Restock/Preview Content\"";
				ENABLE_PREVIEWS = YES;
				GENERATE_INFOPLIST_FILE = YES;
				INFOPLIST_KEY_UIApplicationSceneManifest_Generation = YES;
				INFOPLIST_KEY_UIApplicationSupportsIndirectInputEvents = YES;
				INFOPLIST_KEY_UILaunchScreen_Generation = YES;
				INFOPLIST_KEY_UISupportedInterfaceOrientations_iPad = "UIInterfaceOrientationPortrait UIInterfaceOrientationPortraitUpsideDown UIInterfaceOrientationLandscapeLeft UIInterfaceOrientationLandscapeRight";
				INFOPLIST_KEY_UISupportedInterfaceOrientations_iPhone = "UIInterfaceOrientationPortrait UIInterfaceOrientationLandscapeLeft UIInterfaceOrientationLandscapeRight";
				LD_RUNPATH_SEARCH_PATHS = (
					"$(inherited)",
					"@executable_path/Frameworks",
				);
				MARKETING_VERSION = 1.0;
				PRODUCT_BUNDLE_IDENTIFIER = com.ada.Restock;
				PRODUCT_NAME = "$(TARGET_NAME)";
				SWIFT_EMIT_LOC_STRINGS = YES;
				SWIFT_VERSION = 5.0;
				TARGETED_DEVICE_FAMILY = "1,2";
			};
			name = Debug;
		};
		36CB89452A385138000BDA6D /* Release */ = {
			isa = XCBuildConfiguration;
			buildSettings = {
				ASSETCATALOG_COMPILER_APPICON_NAME = AppIcon;
				ASSETCATALOG_COMPILER_GLOBAL_ACCENT_COLOR_NAME = AccentColor;
				CODE_SIGN_STYLE = Automatic;
				CURRENT_PROJECT_VERSION = 1;
				DEVELOPMENT_ASSET_PATHS = "\"Restock/Preview Content\"";
				ENABLE_PREVIEWS = YES;
				GENERATE_INFOPLIST_FILE = YES;
				INFOPLIST_KEY_UIApplicationSceneManifest_Generation = YES;
				INFOPLIST_KEY_UIApplicationSupportsIndirectInputEvents = YES;
				INFOPLIST_KEY_UILaunchScreen_Generation = YES;
				INFOPLIST_KEY_UISupportedInterfaceOrientations_iPad = "UIInterfaceOrientationPortrait UIInterfaceOrientationPortraitUpsideDown UIInterfaceOrientationLandscapeLeft UIInterfaceOrientationLandscapeRight";
				INFOPLIST_KEY_UISupportedInterfaceOrientations_iPhone = "UIInterfaceOrientationPortrait UIInterfaceOrientationLandscapeLeft UIInterfaceOrientationLandscapeRight";
				LD_RUNPATH_SEARCH_PATHS = (
					"$(inherited)",
					"@executable_path/Frameworks",
				);
				MARKETING_VERSION = 1.0;
				PRODUCT_BUNDLE_IDENTIFIER = com.ada.Restock;
				PRODUCT_NAME = "$(TARGET_NAME)";
				SWIFT_EMIT_LOC_STRINGS = YES;
				SWIFT_VERSION = 5.0;
				TARGETED_DEVICE_FAMILY = "1,2";
			};
			name = Release;
		};
/* End XCBuildConfiguration section */

/* Begin XCConfigurationList section */
		36CB89302A385137000BDA6D /* Build configuration list for PBXProject "Restock" */ = {
			isa = XCConfigurationList;
			buildConfigurations = (
				36CB89412A385138000BDA6D /* Debug */,
				36CB89422A385138000BDA6D /* Release */,
			);
			defaultConfigurationIsVisible = 0;
			defaultConfigurationName = Release;
		};
		36CB89432A385138000BDA6D /* Build configuration list for PBXNativeTarget "Restock" */ = {
			isa = XCConfigurationList;
			buildConfigurations = (
				36CB89442A385138000BDA6D /* Debug */,
				36CB89452A385138000BDA6D /* Release */,
			);
			defaultConfigurationIsVisible = 0;
			defaultConfigurationName = Release;
		};
/* End XCConfigurationList section */
	};
	rootObject = 36CB892D2A385137000BDA6D /* Project object */;
}
